
Microsoft Visual Studio Solution File, Format Version 12.00
# Visual Studio Version 17
VisualStudioVersion = 17.5.33530.505
MinimumVisualStudioVersion = 10.0.40219.1
Project("{FAE04EC0-301F-11D3-BF4B-00C04F79EFBC}") = "Entities", "Entities\Entities.csproj", "{0F9B05AA-1667-41BA-A51A-184F3C26C807}"
EndProject
Project("{2150E333-8FDC-42A3-9474-1A3956D46DE8}") = "1 - Apresentacao", "1 - Apresentacao", "{D3D9E8EC-4158-48E4-8386-024AAF83D416}"
EndProject
Project("{2150E333-8FDC-42A3-9474-1A3956D46DE8}") = "2 - Dominio", "2 - Dominio", "{0CAF5DC7-DD13-4E7D-BF8A-8068C73EEB2C}"
EndProject
Project("{2150E333-8FDC-42A3-9474-1A3956D46DE8}") = "3 - Infra", "3 - Infra", "{46B375F8-DD9D-423E-8479-0D7325AA80FC}"
EndProject
Project("{2150E333-8FDC-42A3-9474-1A3956D46DE8}") = "4 - Entidades", "4 - Entidades", "{56FD480A-FC93-4C99-9A4E-A6890C977644}"
EndProject
Project("{2150E333-8FDC-42A3-9474-1A3956D46DE8}") = "5 - Helpers", "5 - Helpers", "{AA97ED71-8A15-41C2-912C-EEE7D59A3DAB}"
EndProject
Project("{FAE04EC0-301F-11D3-BF4B-00C04F79EFBC}") = "Helpers", "Helpers\Helpers.csproj", "{44028483-59A4-4B6B-A5C5-D3FC17D42E8B}"
EndProject
Project("{FAE04EC0-301F-11D3-BF4B-00C04F79EFBC}") = "Infra", "Infra\Infra.csproj", "{7BF4A21F-4D20-4B85-AACA-75FACA669B9D}"
EndProject
Project("{FAE04EC0-301F-11D3-BF4B-00C04F79EFBC}") = "Dominio", "Dominio\Dominio.csproj", "{9BE764DD-BB2F-4CA7-8C81-E96F56921BB3}"
EndProject
Project("{FAE04EC0-301F-11D3-BF4B-00C04F79EFBC}") = "WebApi", "WebApi\WebApi.csproj", "{BFB98C5D-B060-41E7-8A64-DA0772D5410C}"
EndProject
Project("{2150E333-8FDC-42A3-9474-1A3956D46DE8}") = "Interfaces", "Interfaces", "{1225B519-6375-46FD-9B91-C0103D188788}"
EndProject
Project("{2150E333-8FDC-42A3-9474-1A3956D46DE8}") = "Configuracao", "Configuracao", "{40D445FF-B14B-4740-9189-D6297A9F5CB2}"
EndProject
Project("{2150E333-8FDC-42A3-9474-1A3956D46DE8}") = "Repositorio", "Repositorio", "{94A5062B-4D6B-409D-91CB-12F840FFD88B}"
EndProject
Project("{2150E333-8FDC-42A3-9474-1A3956D46DE8}") = "Entidades", "Entidades", "{82D015C5-1D94-432B-BA0C-AA2EA8C5967E}"
EndProject
Project("{2150E333-8FDC-42A3-9474-1A3956D46DE8}") = "Enums", "Enums", "{C6824552-E659-4777-9573-FD270313A586}"
EndProject
Project("{2150E333-8FDC-42A3-9474-1A3956D46DE8}") = "Notificacoes", "Notificacoes", "{1916386F-92CE-4FEC-996F-DFE49A374623}"
EndProject
Global
	GlobalSection(SolutionConfigurationPlatforms) = preSolution
		Debug|Any CPU = Debug|Any CPU
		Release|Any CPU = Release|Any CPU
	EndGlobalSection
	GlobalSection(ProjectConfigurationPlatforms) = postSolution
		{0F9B05AA-1667-41BA-A51A-184F3C26C807}.Debug|Any CPU.ActiveCfg = Debug|Any CPU
		{0F9B05AA-1667-41BA-A51A-184F3C26C807}.Debug|Any CPU.Build.0 = Debug|Any CPU
		{0F9B05AA-1667-41BA-A51A-184F3C26C807}.Release|Any CPU.ActiveCfg = Release|Any CPU
		{0F9B05AA-1667-41BA-A51A-184F3C26C807}.Release|Any CPU.Build.0 = Release|Any CPU
		{44028483-59A4-4B6B-A5C5-D3FC17D42E8B}.Debug|Any CPU.ActiveCfg = Debug|Any CPU
		{44028483-59A4-4B6B-A5C5-D3FC17D42E8B}.Debug|Any CPU.Build.0 = Debug|Any CPU
		{44028483-59A4-4B6B-A5C5-D3FC17D42E8B}.Release|Any CPU.ActiveCfg = Release|Any CPU
		{44028483-59A4-4B6B-A5C5-D3FC17D42E8B}.Release|Any CPU.Build.0 = Release|Any CPU
		{7BF4A21F-4D20-4B85-AACA-75FACA669B9D}.Debug|Any CPU.ActiveCfg = Debug|Any CPU
		{7BF4A21F-4D20-4B85-AACA-75FACA669B9D}.Debug|Any CPU.Build.0 = Debug|Any CPU
		{7BF4A21F-4D20-4B85-AACA-75FACA669B9D}.Release|Any CPU.ActiveCfg = Release|Any CPU
		{7BF4A21F-4D20-4B85-AACA-75FACA669B9D}.Release|Any CPU.Build.0 = Release|Any CPU
		{9BE764DD-BB2F-4CA7-8C81-E96F56921BB3}.Debug|Any CPU.ActiveCfg = Debug|Any CPU
		{9BE764DD-BB2F-4CA7-8C81-E96F56921BB3}.Debug|Any CPU.Build.0 = Debug|Any CPU
		{9BE764DD-BB2F-4CA7-8C81-E96F56921BB3}.Release|Any CPU.ActiveCfg = Release|Any CPU
		{9BE764DD-BB2F-4CA7-8C81-E96F56921BB3}.Release|Any CPU.Build.0 = Release|Any CPU
		{BFB98C5D-B060-41E7-8A64-DA0772D5410C}.Debug|Any CPU.ActiveCfg = Debug|Any CPU
		{BFB98C5D-B060-41E7-8A64-DA0772D5410C}.Debug|Any CPU.Build.0 = Debug|Any CPU
		{BFB98C5D-B060-41E7-8A64-DA0772D5410C}.Release|Any CPU.ActiveCfg = Release|Any CPU
		{BFB98C5D-B060-41E7-8A64-DA0772D5410C}.Release|Any CPU.Build.0 = Release|Any CPU
	EndGlobalSection
	GlobalSection(SolutionProperties) = preSolution
		HideSolutionNode = FALSE
	EndGlobalSection
	GlobalSection(NestedProjects) = preSolution
		{0F9B05AA-1667-41BA-A51A-184F3C26C807} = {56FD480A-FC93-4C99-9A4E-A6890C977644}
		{44028483-59A4-4B6B-A5C5-D3FC17D42E8B} = {AA97ED71-8A15-41C2-912C-EEE7D59A3DAB}
		{7BF4A21F-4D20-4B85-AACA-75FACA669B9D} = {46B375F8-DD9D-423E-8479-0D7325AA80FC}
		{9BE764DD-BB2F-4CA7-8C81-E96F56921BB3} = {0CAF5DC7-DD13-4E7D-BF8A-8068C73EEB2C}
		{BFB98C5D-B060-41E7-8A64-DA0772D5410C} = {D3D9E8EC-4158-48E4-8386-024AAF83D416}
		{1225B519-6375-46FD-9B91-C0103D188788} = {0CAF5DC7-DD13-4E7D-BF8A-8068C73EEB2C}
		{40D445FF-B14B-4740-9189-D6297A9F5CB2} = {46B375F8-DD9D-423E-8479-0D7325AA80FC}
		{94A5062B-4D6B-409D-91CB-12F840FFD88B} = {46B375F8-DD9D-423E-8479-0D7325AA80FC}
		{82D015C5-1D94-432B-BA0C-AA2EA8C5967E} = {56FD480A-FC93-4C99-9A4E-A6890C977644}
		{C6824552-E659-4777-9573-FD270313A586} = {56FD480A-FC93-4C99-9A4E-A6890C977644}
		{1916386F-92CE-4FEC-996F-DFE49A374623} = {56FD480A-FC93-4C99-9A4E-A6890C977644}
	EndGlobalSection
	GlobalSection(ExtensibilityGlobals) = postSolution
		SolutionGuid = {0A04B8FD-469F-426F-B9C2-C72A42CE8FC3}
	EndGlobalSection
EndGlobal
